# This file is generated by running "yarn install" inside your project.
# Manual changes might be lost - proceed with caution!

__metadata:
  version: 4
  cacheKey: 7

"@types/prettier@npm:^2":
  version: 2.1.6
  resolution: "@types/prettier@npm:2.1.6"
  checksum: c78a6406b0b0d167c3285c84ca63308028517bc772b16960d959ae0ab8947f58c33aac4ba4485ac878f114be230764f7d5582a43115727ba68e5fb59360d5f37
  languageName: node
  linkType: hard

"prettier@npm:^2.2.1":
  version: 2.2.1
  resolution: "prettier@npm:2.2.1"
  bin:
    prettier: bin-prettier.js
  checksum: 92c6c9f4b87eba1f28466edee57dd18c80d00b858edda77d46d1950d20e6e302b68ee255fc91133ba931e63c4577b5ae30da194d9626a8f3c0177778b91bf056
  languageName: node
  linkType: hard

"tt-app@workspace:packages/app":
  version: 0.0.0-use.local
  resolution: "tt-app@workspace:packages/app"
  languageName: unknown
  linkType: soft

"tt-scripts@workspace:packages/scripts":
  version: 0.0.0-use.local
  resolution: "tt-scripts@workspace:packages/scripts"
  dependencies:
    "@types/prettier": ^2
    prettier: ^2.2.1
  languageName: unknown
  linkType: soft

"tt@workspace:.":
  version: 0.0.0-use.local
  resolution: "tt@workspace:."
  languageName: unknown
  linkType: soft
